
Microsoft Visual Studio Solution File, Format Version 12.00
# Visual Studio Version 17
VisualStudioVersion = 17.9.34616.47
MinimumVisualStudioVersion = 10.0.40219.1
Project("{9A19103F-16F7-4668-BE54-9A1E7A4F7556}") = "WebApi", "WebApi\WebApi.csproj", "{4BCD93AE-A9D9-4F17-8171-95423B58C46E}"
EndProject
Project("{2150E333-8FDC-42A3-9474-1A3956D46DE8}") = "src", "src", "{73FC2AB5-B1F4-405C-870C-A59A32972E88}"
EndProject
Project("{2150E333-8FDC-42A3-9474-1A3956D46DE8}") = "test", "test", "{8521DA1D-2BFB-40B0-9FA8-9B009EB5F8BF}"
EndProject
Project("{9A19103F-16F7-4668-BE54-9A1E7A4F7556}") = "Application", "Application\Application.csproj", "{B9E47C98-FF82-4ECB-9326-640EFC2ED77C}"
EndProject
Project("{9A19103F-16F7-4668-BE54-9A1E7A4F7556}") = "Core", "Core\Core.csproj", "{F38CD088-B087-494F-BF82-414B2946751F}"
EndProject
Project("{9A19103F-16F7-4668-BE54-9A1E7A4F7556}") = "Application.Tests", "Application.Tests\Application.Tests.csproj", "{8772839A-76CB-4985-B026-3C13C18B29F0}"
EndProject
Project("{9A19103F-16F7-4668-BE54-9A1E7A4F7556}") = "Infrastructure", "Infrastructure\Infrastructure.csproj", "{FCE0C12B-D64F-41EE-A19F-8F87E2DDD7F2}"
EndProject
Project("{2150E333-8FDC-42A3-9474-1A3956D46DE8}") = "Initialization", "Initialization", "{DF6BE9D2-44DA-4371-B437-A1024E3E19CC}"
EndProject
Global
	GlobalSection(SolutionConfigurationPlatforms) = preSolution
		Debug|Any CPU = Debug|Any CPU
		Release|Any CPU = Release|Any CPU
	EndGlobalSection
	GlobalSection(ProjectConfigurationPlatforms) = postSolution
		{4BCD93AE-A9D9-4F17-8171-95423B58C46E}.Debug|Any CPU.ActiveCfg = Debug|Any CPU
		{4BCD93AE-A9D9-4F17-8171-95423B58C46E}.Debug|Any CPU.Build.0 = Debug|Any CPU
		{4BCD93AE-A9D9-4F17-8171-95423B58C46E}.Release|Any CPU.ActiveCfg = Release|Any CPU
		{4BCD93AE-A9D9-4F17-8171-95423B58C46E}.Release|Any CPU.Build.0 = Release|Any CPU
		{B9E47C98-FF82-4ECB-9326-640EFC2ED77C}.Debug|Any CPU.ActiveCfg = Debug|Any CPU
		{B9E47C98-FF82-4ECB-9326-640EFC2ED77C}.Debug|Any CPU.Build.0 = Debug|Any CPU
		{B9E47C98-FF82-4ECB-9326-640EFC2ED77C}.Release|Any CPU.ActiveCfg = Release|Any CPU
		{B9E47C98-FF82-4ECB-9326-640EFC2ED77C}.Release|Any CPU.Build.0 = Release|Any CPU
		{F38CD088-B087-494F-BF82-414B2946751F}.Debug|Any CPU.ActiveCfg = Debug|Any CPU
		{F38CD088-B087-494F-BF82-414B2946751F}.Debug|Any CPU.Build.0 = Debug|Any CPU
		{F38CD088-B087-494F-BF82-414B2946751F}.Release|Any CPU.ActiveCfg = Release|Any CPU
		{F38CD088-B087-494F-BF82-414B2946751F}.Release|Any CPU.Build.0 = Release|Any CPU
		{8772839A-76CB-4985-B026-3C13C18B29F0}.Debug|Any CPU.ActiveCfg = Debug|Any CPU
		{8772839A-76CB-4985-B026-3C13C18B29F0}.Debug|Any CPU.Build.0 = Debug|Any CPU
		{8772839A-76CB-4985-B026-3C13C18B29F0}.Release|Any CPU.ActiveCfg = Release|Any CPU
		{8772839A-76CB-4985-B026-3C13C18B29F0}.Release|Any CPU.Build.0 = Release|Any CPU
		{FCE0C12B-D64F-41EE-A19F-8F87E2DDD7F2}.Debug|Any CPU.ActiveCfg = Debug|Any CPU
		{FCE0C12B-D64F-41EE-A19F-8F87E2DDD7F2}.Debug|Any CPU.Build.0 = Debug|Any CPU
		{FCE0C12B-D64F-41EE-A19F-8F87E2DDD7F2}.Release|Any CPU.ActiveCfg = Release|Any CPU
		{FCE0C12B-D64F-41EE-A19F-8F87E2DDD7F2}.Release|Any CPU.Build.0 = Release|Any CPU
	EndGlobalSection
	GlobalSection(SolutionProperties) = preSolution
		HideSolutionNode = FALSE
	EndGlobalSection
	GlobalSection(NestedProjects) = preSolution
		{4BCD93AE-A9D9-4F17-8171-95423B58C46E} = {DF6BE9D2-44DA-4371-B437-A1024E3E19CC}
		{B9E47C98-FF82-4ECB-9326-640EFC2ED77C} = {73FC2AB5-B1F4-405C-870C-A59A32972E88}
		{F38CD088-B087-494F-BF82-414B2946751F} = {73FC2AB5-B1F4-405C-870C-A59A32972E88}
		{8772839A-76CB-4985-B026-3C13C18B29F0} = {8521DA1D-2BFB-40B0-9FA8-9B009EB5F8BF}
		{FCE0C12B-D64F-41EE-A19F-8F87E2DDD7F2} = {73FC2AB5-B1F4-405C-870C-A59A32972E88}
		{DF6BE9D2-44DA-4371-B437-A1024E3E19CC} = {73FC2AB5-B1F4-405C-870C-A59A32972E88}
	EndGlobalSection
	GlobalSection(ExtensibilityGlobals) = postSolution
		SolutionGuid = {F8D16A29-E247-41FC-A548-91B4979E2193}
	EndGlobalSection
EndGlobal
